// !$*UTF8*$!
{
	archiveVersion = 1;
	classes = {
	};
	objectVersion = 50;
	objects = {

/* Begin PBXBuildFile section */
		D373B7E7274F3C370031BC59 /* Model.swift in Sources */ = {isa = PBXBuildFile; fileRef = D373B7E6274F3C370031BC59 /* Model.swift */; };
		D373B7E9274F42780031BC59 /* ViewControllerViewModel.swift in Sources */ = {isa = PBXBuildFile; fileRef = D373B7E8274F42780031BC59 /* ViewControllerViewModel.swift */; };
		D373B7EB274F42E90031BC59 /* CustomTableViewCellViewModel.swift in Sources */ = {isa = PBXBuildFile; fileRef = D373B7EA274F42E90031BC59 /* CustomTableViewCellViewModel.swift */; };
		D3ACE968274E9D73009FB6ED /* CustomTableViewCell.swift in Sources */ = {isa = PBXBuildFile; fileRef = D3ACE967274E9D73009FB6ED /* CustomTableViewCell.swift */; };
		D3F69B7E274D39A40046A43A /* AppDelegate.swift in Sources */ = {isa = PBXBuildFile; fileRef = D3F69B7D274D39A40046A43A /* AppDelegate.swift */; };
		D3F69B80274D39A40046A43A /* SceneDelegate.swift in Sources */ = {isa = PBXBuildFile; fileRef = D3F69B7F274D39A40046A43A /* SceneDelegate.swift */; };
		D3F69B82274D39A40046A43A /* ViewController.swift in Sources */ = {isa = PBXBuildFile; fileRef = D3F69B81274D39A40046A43A /* ViewController.swift */; };
		D3F69B85274D39A40046A43A /* Main.storyboard in Resources */ = {isa = PBXBuildFile; fileRef = D3F69B83274D39A40046A43A /* Main.storyboard */; };
		D3F69B87274D39A70046A43A /* Assets.xcassets in Resources */ = {isa = PBXBuildFile; fileRef = D3F69B86274D39A70046A43A /* Assets.xcassets */; };
		D3F69B8A274D39A70046A43A /* LaunchScreen.storyboard in Resources */ = {isa = PBXBuildFile; fileRef = D3F69B88274D39A70046A43A /* LaunchScreen.storyboard */; };
/* End PBXBuildFile section */

/* Begin PBXFileReference section */
		D373B7E6274F3C370031BC59 /* Model.swift */ = {isa = PBXFileReference; lastKnownFileType = sourcecode.swift; path = Model.swift; sourceTree = "<group>"; };
		D373B7E8274F42780031BC59 /* ViewControllerViewModel.swift */ = {isa = PBXFileReference; lastKnownFileType = sourcecode.swift; path = ViewControllerViewModel.swift; sourceTree = "<group>"; };
		D373B7EA274F42E90031BC59 /* CustomTableViewCellViewModel.swift */ = {isa = PBXFileReference; lastKnownFileType = sourcecode.swift; path = CustomTableViewCellViewModel.swift; sourceTree = "<group>"; };
		D3ACE967274E9D73009FB6ED /* CustomTableViewCell.swift */ = {isa = PBXFileReference; lastKnownFileType = sourcecode.swift; path = CustomTableViewCell.swift; sourceTree = "<group>"; };
		D3F69B7A274D39A40046A43A /* iOSAppPratice.app */ = {isa = PBXFileReference; explicitFileType = wrapper.application; includeInIndex = 0; path = iOSAppPratice.app; sourceTree = BUILT_PRODUCTS_DIR; };
		D3F69B7D274D39A40046A43A /* AppDelegate.swift */ = {isa = PBXFileReference; lastKnownFileType = sourcecode.swift; path = AppDelegate.swift; sourceTree = "<group>"; };
		D3F69B7F274D39A40046A43A /* SceneDelegate.swift */ = {isa = PBXFileReference; lastKnownFileType = sourcecode.swift; path = SceneDelegate.swift; sourceTree = "<group>"; };
		D3F69B81274D39A40046A43A /* ViewController.swift */ = {isa = PBXFileReference; lastKnownFileType = sourcecode.swift; path = ViewController.swift; sourceTree = "<group>"; };
		D3F69B84274D39A40046A43A /* Base */ = {isa = PBXFileReference; lastKnownFileType = file.storyboard; name = Base; path = Base.lproj/Main.storyboard; sourceTree = "<group>"; };
		D3F69B86274D39A70046A43A /* Assets.xcassets */ = {isa = PBXFileReference; lastKnownFileType = folder.assetcatalog; path = Assets.xcassets; sourceTree = "<group>"; };
		D3F69B89274D39A70046A43A /* Base */ = {isa = PBXFileReference; lastKnownFileType = file.storyboard; name = Base; path = Base.lproj/LaunchScreen.storyboard; sourceTree = "<group>"; };
		D3F69B8B274D39A70046A43A /* Info.plist */ = {isa = PBXFileReference; lastKnownFileType = text.plist.xml; path = Info.plist; sourceTree = "<group>"; };
/* End PBXFileReference section */

/* Begin PBXFrameworksBuildPhase section */
		D3F69B77274D39A40046A43A /* Frameworks */ = {
			isa = PBXFrameworksBuildPhase;
			buildActionMask = 2147483647;
			files = (
			);
			runOnlyForDeploymentPostprocessing = 0;
		};
/* End PBXFrameworksBuildPhase section */

/* Begin PBXGroup section */
		D3F69B71274D39A40046A43A = {
			isa = PBXGroup;
			children = (
				D3F69B7C274D39A40046A43A /* iOSAppPratice */,
				D3F69B7B274D39A40046A43A /* Products */,
			);
			sourceTree = "<group>";
		};
		D3F69B7B274D39A40046A43A /* Products */ = {
			isa = PBXGroup;
			children = (
				D3F69B7A274D39A40046A43A /* iOSAppPratice.app */,
			);
			name = Products;
			sourceTree = "<group>";
		};
		D3F69B7C274D39A40046A43A /* iOSAppPratice */ = {
			isa = PBXGroup;
			children = (
				D3F69B7D274D39A40046A43A /* AppDelegate.swift */,
				D3F69B7F274D39A40046A43A /* SceneDelegate.swift */,
				D3F69B81274D39A40046A43A /* ViewController.swift */,
				D373B7E8274F42780031BC59 /* ViewControllerViewModel.swift */,
				D373B7EA274F42E90031BC59 /* CustomTableViewCellViewModel.swift */,
				D373B7E6274F3C370031BC59 /* Model.swift */,
				D3F69B83274D39A40046A43A /* Main.storyboard */,
				D3ACE967274E9D73009FB6ED /* CustomTableViewCell.swift */,
				D3F69B86274D39A70046A43A /* Assets.xcassets */,
				D3F69B88274D39A70046A43A /* LaunchScreen.storyboard */,
				D3F69B8B274D39A70046A43A /* Info.plist */,
			);
			path = iOSAppPratice;
			sourceTree = "<group>";
		};
/* End PBXGroup section */

/* Begin PBXNativeTarget section */
		D3F69B79274D39A40046A43A /* iOSAppPratice */ = {
			isa = PBXNativeTarget;
			buildConfigurationList = D3F69B8E274D39A70046A43A /* Build configuration list for PBXNativeTarget "iOSAppPratice" */;
			buildPhases = (
				D3F69B76274D39A40046A43A /* Sources */,
				D3F69B77274D39A40046A43A /* Frameworks */,
				D3F69B78274D39A40046A43A /* Resources */,
			);
			buildRules = (
			);
			dependencies = (
			);
			name = iOSAppPratice;
			productName = iOSAppPratice;
			productReference = D3F69B7A274D39A40046A43A /* iOSAppPratice.app */;
			productType = "com.apple.product-type.application";
		};
/* End PBXNativeTarget section */

/* Begin PBXProject section */
		D3F69B72274D39A40046A43A /* Project object */ = {
			isa = PBXProject;
			attributes = {
				LastSwiftUpdateCheck = 1250;
				LastUpgradeCheck = 1250;
				TargetAttributes = {
					D3F69B79274D39A40046A43A = {
						CreatedOnToolsVersion = 12.5;
					};
				};
			};
			buildConfigurationList = D3F69B75274D39A40046A43A /* Build configuration list for PBXProject "iOSAppPratice" */;
			compatibilityVersion = "Xcode 9.3";
			developmentRegion = en;
			hasScannedForEncodings = 0;
			knownRegions = (
				en,
				Base,
			);
			mainGroup = D3F69B71274D39A40046A43A;
			productRefGroup = D3F69B7B274D39A40046A43A /* Products */;
			projectDirPath = "";
			projectRoot = "";
			targets = (
				D3F69B79274D39A40046A43A /* iOSAppPratice */,
			);
		};
/* End PBXProject section */

/* Begin PBXResourcesBuildPhase section */
		D3F69B78274D39A40046A43A /* Resources */ = {
			isa = PBXResourcesBuildPhase;
			buildActionMask = 2147483647;
			files = (
				D3F69B8A274D39A70046A43A /* LaunchScreen.storyboard in Resources */,
				D3F69B87274D39A70046A43A /* Assets.xcassets in Resources */,
				D3F69B85274D39A40046A43A /* Main.storyboard in Resources */,
			);
			runOnlyForDeploymentPostprocessing = 0;
		};
/* End PBXResourcesBuildPhase section */

/* Begin PBXSourcesBuildPhase section */
		D3F69B76274D39A40046A43A /* Sources */ = {
			isa = PBXSourcesBuildPhase;
			buildActionMask = 2147483647;
			files = (
				D373B7E7274F3C370031BC59 /* Model.swift in Sources */,
				D373B7E9274F42780031BC59 /* ViewControllerViewModel.swift in Sources */,
				D3F69B82274D39A40046A43A /* ViewController.swift in Sources */,
				D3F69B7E274D39A40046A43A /* AppDelegate.swift in Sources */,
				D3ACE968274E9D73009FB6ED /* CustomTableViewCell.swift in Sources */,
				D373B7EB274F42E90031BC59 /* CustomTableViewCellViewModel.swift in Sources */,
				D3F69B80274D39A40046A43A /* SceneDelegate.swift in Sources */,
			);
			runOnlyForDeploymentPostprocessing = 0;
		};
/* End PBXSourcesBuildPhase section */

/* Begin PBXVariantGroup section */
		D3F69B83274D39A40046A43A /* Main.storyboard */ = {
			isa = PBXVariantGroup;
			children = (
				D3F69B84274D39A40046A43A /* Base */,
			);
			name = Main.storyboard;
			sourceTree = "<group>";
		};
		D3F69B88274D39A70046A43A /* LaunchScreen.storyboard */ = {
			isa = PBXVariantGroup;
			children = (
				D3F69B89274D39A70046A43A /* Base */,
			);
			name = LaunchScreen.storyboard;
			sourceTree = "<group>";
		};
/* End PBXVariantGroup section */

/* Begin XCBuildConfiguration section */
		D3F69B8C274D39A70046A43A /* Debug */ = {
			isa = XCBuildConfiguration;
			buildSettings = {
				ALWAYS_SEARCH_USER_PATHS = NO;
				CLANG_ANALYZER_NONNULL = YES;
				CLANG_ANALYZER_NUMBER_OBJECT_CONVERSION = YES_AGGRESSIVE;
				CLANG_CXX_LANGUAGE_STANDARD = "gnu++14";
				CLANG_CXX_LIBRARY = "libc++";
				CLANG_ENABLE_MODULES = YES;
				CLANG_ENABLE_OBJC_ARC = YES;
				CLANG_ENABLE_OBJC_WEAK = YES;
				CLANG_WARN_BLOCK_CAPTURE_AUTORELEASING = YES;
				CLANG_WARN_BOOL_CONVERSION = YES;
				CLANG_WARN_COMMA = YES;
				CLANG_WARN_CONSTANT_CONVERSION = YES;
				CLANG_WARN_DEPRECATED_OBJC_IMPLEMENTATIONS = YES;
				CLANG_WARN_DIRECT_OBJC_ISA_USAGE = YES_ERROR;
				CLANG_WARN_DOCUMENTATION_COMMENTS = YES;
				CLANG_WARN_EMPTY_BODY = YES;
				CLANG_WARN_ENUM_CONVERSION = YES;
				CLANG_WARN_INFINITE_RECURSION = YES;
				CLANG_WARN_INT_CONVERSION = YES;
				CLANG_WARN_NON_LITERAL_NULL_CONVERSION = YES;
				CLANG_WARN_OBJC_IMPLICIT_RETAIN_SELF = YES;
				CLANG_WARN_OBJC_LITERAL_CONVERSION = YES;
				CLANG_WARN_OBJC_ROOT_CLASS = YES_ERROR;
				CLANG_WARN_QUOTED_INCLUDE_IN_FRAMEWORK_HEADER = YES;
				CLANG_WARN_RANGE_LOOP_ANALYSIS = YES;
				CLANG_WARN_STRICT_PROTOTYPES = YES;
				CLANG_WARN_SUSPICIOUS_MOVE = YES;
				CLANG_WARN_UNGUARDED_AVAILABILITY = YES_AGGRESSIVE;
				CLANG_WARN_UNREACHABLE_CODE = YES;
				CLANG_WARN__DUPLICATE_METHOD_MATCH = YES;
				COPY_PHASE_STRIP = NO;
				DEBUG_INFORMATION_FORMAT = dwarf;
				ENABLE_STRICT_OBJC_MSGSEND = YES;
				ENABLE_TESTABILITY = YES;
				GCC_C_LANGUAGE_STANDARD = gnu11;
				GCC_DYNAMIC_NO_PIC = NO;
				GCC_NO_COMMON_BLOCKS = YES;
				GCC_OPTIMIZATION_LEVEL = 0;
				GCC_PREPROCESSOR_DEFINITIONS = (
					"DEBUG=1",
					"$(inherited)",
				);
				GCC_WARN_64_TO_32_BIT_CONVERSION = YES;
				GCC_WARN_ABOUT_RETURN_TYPE = YES_ERROR;
				GCC_WARN_UNDECLARED_SELECTOR = YES;
				GCC_WARN_UNINITIALIZED_AUTOS = YES_AGGRESSIVE;
				GCC_WARN_UNUSED_FUNCTION = YES;
				GCC_WARN_UNUSED_VARIABLE = YES;
				IPHONEOS_DEPLOYMENT_TARGET = 14.5;
				MTL_ENABLE_DEBUG_INFO = INCLUDE_SOURCE;
				MTL_FAST_MATH = YES;
				ONLY_ACTIVE_ARCH = YES;
				SDKROOT = iphoneos;
				SWIFT_ACTIVE_COMPILATION_CONDITIONS = DEBUG;
				SWIFT_OPTIMIZATION_LEVEL = "-Onone";
			};
			name = Debug;
		};
		D3F69B8D274D39A70046A43A /* Release */ = {
			isa = XCBuildConfiguration;
			buildSettings = {
				ALWAYS_SEARCH_USER_PATHS = NO;
				CLANG_ANALYZER_NONNULL = YES;
				CLANG_ANALYZER_NUMBER_OBJECT_CONVERSION = YES_AGGRESSIVE;
				CLANG_CXX_LANGUAGE_STANDARD = "gnu++14";
				CLANG_CXX_LIBRARY = "libc++";
				CLANG_ENABLE_MODULES = YES;
				CLANG_ENABLE_OBJC_ARC = YES;
				CLANG_ENABLE_OBJC_WEAK = YES;
				CLANG_WARN_BLOCK_CAPTURE_AUTORELEASING = YES;
				CLANG_WARN_BOOL_CONVERSION = YES;
				CLANG_WARN_COMMA = YES;
				CLANG_WARN_CONSTANT_CONVERSION = YES;
				CLANG_WARN_DEPRECATED_OBJC_IMPLEMENTATIONS = YES;
				CLANG_WARN_DIRECT_OBJC_ISA_USAGE = YES_ERROR;
				CLANG_WARN_DOCUMENTATION_COMMENTS = YES;
				CLANG_WARN_EMPTY_BODY = YES;
				CLANG_WARN_ENUM_CONVERSION = YES;
				CLANG_WARN_INFINITE_RECURSION = YES;
				CLANG_WARN_INT_CONVERSION = YES;
				CLANG_WARN_NON_LITERAL_NULL_CONVERSION = YES;
				CLANG_WARN_OBJC_IMPLICIT_RETAIN_SELF = YES;
				CLANG_WARN_OBJC_LITERAL_CONVERSION = YES;
				CLANG_WARN_OBJC_ROOT_CLASS = YES_ERROR;
				CLANG_WARN_QUOTED_INCLUDE_IN_FRAMEWORK_HEADER = YES;
				CLANG_WARN_RANGE_LOOP_ANALYSIS = YES;
				CLANG_WARN_STRICT_PROTOTYPES = YES;
				CLANG_WARN_SUSPICIOUS_MOVE = YES;
				CLANG_WARN_UNGUARDED_AVAILABILITY = YES_AGGRESSIVE;
				CLANG_WARN_UNREACHABLE_CODE = YES;
				CLANG_WARN__DUPLICATE_METHOD_MATCH = YES;
				COPY_PHASE_STRIP = NO;
				DEBUG_INFORMATION_FORMAT = "dwarf-with-dsym";
				ENABLE_NS_ASSERTIONS = NO;
				ENABLE_STRICT_OBJC_MSGSEND = YES;
				GCC_C_LANGUAGE_STANDARD = gnu11;
				GCC_NO_COMMON_BLOCKS = YES;
				GCC_WARN_64_TO_32_BIT_CONVERSION = YES;
				GCC_WARN_ABOUT_RETURN_TYPE = YES_ERROR;
				GCC_WARN_UNDECLARED_SELECTOR = YES;
				GCC_WARN_UNINITIALIZED_AUTOS = YES_AGGRESSIVE;
				GCC_WARN_UNUSED_FUNCTION = YES;
				GCC_WARN_UNUSED_VARIABLE = YES;
				IPHONEOS_DEPLOYMENT_TARGET = 14.5;
				MTL_ENABLE_DEBUG_INFO = NO;
				MTL_FAST_MATH = YES;
				SDKROOT = iphoneos;
				SWIFT_COMPILATION_MODE = wholemodule;
				SWIFT_OPTIMIZATION_LEVEL = "-O";
				VALIDATE_PRODUCT = YES;
			};
			name = Release;
		};
		D3F69B8F274D39A70046A43A /* Debug */ = {
			isa = XCBuildConfiguration;
			buildSettings = {
				ASSETCATALOG_COMPILER_APPICON_NAME = AppIcon;
				ASSETCATALOG_COMPILER_GLOBAL_ACCENT_COLOR_NAME = AccentColor;
				CODE_SIGN_STYLE = Automatic;
				DEVELOPMENT_TEAM = SA6YWU7UZW;
				INFOPLIST_FILE = iOSAppPratice/Info.plist;
				LD_RUNPATH_SEARCH_PATHS = (
					"$(inherited)",
					"@executable_path/Frameworks",
				);
				PRODUCT_BUNDLE_IDENTIFIER = brian.iOSAppPratice;
				PRODUCT_NAME = "$(TARGET_NAME)";
				SWIFT_VERSION = 5.0;
				TARGETED_DEVICE_FAMILY = "1,2";
			};
			name = Debug;
		};
		D3F69B90274D39A70046A43A /* Release */ = {
			isa = XCBuildConfiguration;
			buildSettings = {
				ASSETCATALOG_COMPILER_APPICON_NAME = AppIcon;
				ASSETCATALOG_COMPILER_GLOBAL_ACCENT_COLOR_NAME = AccentColor;
				CODE_SIGN_STYLE = Automatic;
				DEVELOPMENT_TEAM = SA6YWU7UZW;
				INFOPLIST_FILE = iOSAppPratice/Info.plist;
				LD_RUNPATH_SEARCH_PATHS = (
					"$(inherited)",
					"@executable_path/Frameworks",
				);
				PRODUCT_BUNDLE_IDENTIFIER = brian.iOSAppPratice;
				PRODUCT_NAME = "$(TARGET_NAME)";
				SWIFT_VERSION = 5.0;
				TARGETED_DEVICE_FAMILY = "1,2";
			};
			name = Release;
		};
/* End XCBuildConfiguration section */

/* Begin XCConfigurationList section */
		D3F69B75274D39A40046A43A /* Build configuration list for PBXProject "iOSAppPratice" */ = {
			isa = XCConfigurationList;
			buildConfigurations = (
				D3F69B8C274D39A70046A43A /* Debug */,
				D3F69B8D274D39A70046A43A /* Release */,
			);
			defaultConfigurationIsVisible = 0;
			defaultConfigurationName = Release;
		};
		D3F69B8E274D39A70046A43A /* Build configuration list for PBXNativeTarget "iOSAppPratice" */ = {
			isa = XCConfigurationList;
			buildConfigurations = (
				D3F69B8F274D39A70046A43A /* Debug */,
				D3F69B90274D39A70046A43A /* Release */,
			);
			defaultConfigurationIsVisible = 0;
			defaultConfigurationName = Release;
		};
/* End XCConfigurationList section */
	};
	rootObject = D3F69B72274D39A40046A43A /* Project object */;
}
